{
  "name": "dummy",
  "version": "0.0.1",
  "lockfileVersion": 3,
  "requires": true,
  "packages": {
    "": {
      "name": "dummy",
      "version": "0.0.1",
      "devDependencies": {
        "@types/node": "16.x",
        "@types/vscode": "^1.75.0"
      },
      "engines": {
        "vscode": "^1.75.0"
      }
    },
    "node_modules/@types/node": {
      "version": "16.18.12",
      "resolved": "https://registry.npmjs.org/@types/node/-/node-16.18.12.tgz",
      "integrity": "sha512-vzLe5NaNMjIE3mcddFVGlAXN1LEWueUsMsOJWaT6wWMJGyljHAWHznqfnKUQWGzu7TLPrGvWdNAsvQYW+C0xtw==",
      "dev": true
    },
    "node_modules/@types/vscode": {
      "version": "1.75.0",
      "resolved": "https://registry.npmjs.org/@types/vscode/-/vscode-1.75.0.tgz",
      "integrity": "sha512-SAr0PoOhJS6FUq5LjNr8C/StBKALZwDVm3+U4pjF/3iYkt3GioJOPV/oB1Sf1l7lROe4TgrMyL5N1yaEgTWycw==",
      "dev": true
    }
  }
}
