{
  "name": "workspace-1",
  "version": "1.0.0",
  "lockfileVersion": 2,
  "requires": true,
  "packages": {
    "": {
      "name": "workspace-1",
      "version": "1.0.0",
      "license": "MIT",
      "dependencies": {
        "random-animal-name": "^0.1.1"
      }
    },
    "node_modules/random-animal-name": {
      "version": "0.1.1",
      "resolved": "https://registry.npmjs.org/random-animal-name/-/random-animal-name-0.1.1.tgz",
      "integrity": "sha512-6LtEegc1FzFsD77WF5KmxhXPCbcI33qlAgxd8aHVrwOW595yh3Kkw52dTaqGmLXb05JiRf1ypzUXPKEosTCoAA=="
    }
  },
  "dependencies": {
    "random-animal-name": {
      "version": "0.1.1",
      "resolved": "https://registry.npmjs.org/random-animal-name/-/random-animal-name-0.1.1.tgz",
      "integrity": "sha512-6LtEegc1FzFsD77WF5KmxhXPCbcI33qlAgxd8aHVrwOW595yh3Kkw52dTaqGmLXb05JiRf1ypzUXPKEosTCoAA=="
    }
  }
}
