{
  "name": "workspace-1",
  "version": "1.0.0",
  "lockfileVersion": 2,
  "requires": true,
  "packages": {
    "": {
      "name": "workspace-1",
      "version": "1.0.0",
      "license": "MIT",
      "dependencies": {
        "color-convert": "^2.0.1",
        "nrepl-client": "^0.3.0"
      }
    },
    "node_modules/bencode": {
      "version": "2.0.3",
      "resolved": "https://registry.npmjs.org/bencode/-/bencode-2.0.3.tgz",
      "integrity": "sha512-D/vrAD4dLVX23NalHwb8dSvsUsxeRPO8Y7ToKA015JQYq69MLDOMkC0uGZYA/MPpltLO8rt8eqFC2j8DxjTZ/w=="
    },
    "node_modules/color-convert": {
      "version": "2.0.1",
      "resolved": "https://registry.npmjs.org/color-convert/-/color-convert-2.0.1.tgz",
      "integrity": "sha512-RRECPsj7iu/xb5oKYcsFHSppFNnsj/52OVTRKb4zP5onXwVF3zVmmToNcOfGC+CRDpfK/U584fMg38ZHCaElKQ==",
      "dependencies": {
        "color-name": "~1.1.4"
      },
      "engines": {
        "node": ">=7.0.0"
      }
    },
    "node_modules/color-name": {
      "version": "1.1.4",
      "resolved": "https://registry.npmjs.org/color-name/-/color-name-1.1.4.tgz",
      "integrity": "sha512-dOy+3AuW3a2wNbZHIuMZpTcgjGuLU/uBL/ubcZF9OXbDo8ff4O8yVp5Bf0efS8uEoYo5q4Fx7dY9OgQGXgAsQA=="
    },
    "node_modules/nrepl-client": {
      "version": "0.3.0",
      "resolved": "https://registry.npmjs.org/nrepl-client/-/nrepl-client-0.3.0.tgz",
      "integrity": "sha512-EcROXUrzlGHKOdu/E/5WB0OESCI0iGHhdXeYk9cULYtd72eFJrM/Q1umvjTBfKWlT62y76cnyLG/3CmSCqT12w==",
      "dependencies": {
        "bencode": "^2.0.1",
        "tree-kill": "~1.2.1"
      }
    },
    "node_modules/tree-kill": {
      "version": "1.2.2",
      "resolved": "https://registry.npmjs.org/tree-kill/-/tree-kill-1.2.2.tgz",
      "integrity": "sha512-L0Orpi8qGpRG//Nd+H90vFB+3iHnue1zSSGmNOOCh1GLJ7rUKVwV2HvijphGQS2UmhUZewS9VgvxYIdgr+fG1A==",
      "bin": {
        "tree-kill": "cli.js"
      }
    }
  },
  "dependencies": {
    "bencode": {
      "version": "2.0.3",
      "resolved": "https://registry.npmjs.org/bencode/-/bencode-2.0.3.tgz",
      "integrity": "sha512-D/vrAD4dLVX23NalHwb8dSvsUsxeRPO8Y7ToKA015JQYq69MLDOMkC0uGZYA/MPpltLO8rt8eqFC2j8DxjTZ/w=="
    },
    "color-convert": {
      "version": "2.0.1",
      "resolved": "https://registry.npmjs.org/color-convert/-/color-convert-2.0.1.tgz",
      "integrity": "sha512-RRECPsj7iu/xb5oKYcsFHSppFNnsj/52OVTRKb4zP5onXwVF3zVmmToNcOfGC+CRDpfK/U584fMg38ZHCaElKQ==",
      "requires": {
        "color-name": "~1.1.4"
      }
    },
    "color-name": {
      "version": "1.1.4",
      "resolved": "https://registry.npmjs.org/color-name/-/color-name-1.1.4.tgz",
      "integrity": "sha512-dOy+3AuW3a2wNbZHIuMZpTcgjGuLU/uBL/ubcZF9OXbDo8ff4O8yVp5Bf0efS8uEoYo5q4Fx7dY9OgQGXgAsQA=="
    },
    "nrepl-client": {
      "version": "0.3.0",
      "resolved": "https://registry.npmjs.org/nrepl-client/-/nrepl-client-0.3.0.tgz",
      "integrity": "sha512-EcROXUrzlGHKOdu/E/5WB0OESCI0iGHhdXeYk9cULYtd72eFJrM/Q1umvjTBfKWlT62y76cnyLG/3CmSCqT12w==",
      "requires": {
        "bencode": "^2.0.1",
        "tree-kill": "~1.2.1"
      }
    },
    "tree-kill": {
      "version": "1.2.2",
      "resolved": "https://registry.npmjs.org/tree-kill/-/tree-kill-1.2.2.tgz",
      "integrity": "sha512-L0Orpi8qGpRG//Nd+H90vFB+3iHnue1zSSGmNOOCh1GLJ7rUKVwV2HvijphGQS2UmhUZewS9VgvxYIdgr+fG1A=="
    }
  }
}
